
Microsoft Visual Studio Solution File, Format Version 12.00
# Visual Studio Version 16
VisualStudioVersion = 16.0.30907.101
MinimumVisualStudioVersion = 10.0.40219.1
Project("{FAE04EC0-301F-11D3-BF4B-00C04F79EFBC}") = "KampIntro6", "KampIntro6\KampIntro6.csproj", "{FE074DC8-7382-44CC-88AB-FB2AB24DBCCE}"
EndProject
Project("{FAE04EC0-301F-11D3-BF4B-00C04F79EFBC}") = "Donguler", "Donguler\Donguler.csproj", "{3F4B68BC-5B4D-4F94-B5BA-831FAA56FFE2}"
EndProject
Project("{FAE04EC0-301F-11D3-BF4B-00C04F79EFBC}") = "ClassIntro", "ClassIntro\ClassIntro.csproj", "{D251CA44-2ADB-464D-8E00-3B55ED867FC2}"
EndProject
Project("{FAE04EC0-301F-11D3-BF4B-00C04F79EFBC}") = "Metotlar", "Metotlar\Metotlar.csproj", "{B7D12AB2-669F-4813-9A31-D7AAC6856C98}"
EndProject
Project("{FAE04EC0-301F-11D3-BF4B-00C04F79EFBC}") = "Matematik", "Matematik\Matematik.csproj", "{02FCB571-8B3C-46E8-A1CE-1B9A1E7AC589}"
EndProject
Project("{FAE04EC0-301F-11D3-BF4B-00C04F79EFBC}") = "DegerVeReferansTipler", "DegerVeReferansTipler\DegerVeReferansTipler.csproj", "{7C683F8F-8922-4E9C-A54E-333E2BB1C2C9}"
EndProject
Global
	GlobalSection(SolutionConfigurationPlatforms) = preSolution
		Debug|Any CPU = Debug|Any CPU
		Release|Any CPU = Release|Any CPU
	EndGlobalSection
	GlobalSection(ProjectConfigurationPlatforms) = postSolution
		{FE074DC8-7382-44CC-88AB-FB2AB24DBCCE}.Debug|Any CPU.ActiveCfg = Debug|Any CPU
		{FE074DC8-7382-44CC-88AB-FB2AB24DBCCE}.Debug|Any CPU.Build.0 = Debug|Any CPU
		{FE074DC8-7382-44CC-88AB-FB2AB24DBCCE}.Release|Any CPU.ActiveCfg = Release|Any CPU
		{FE074DC8-7382-44CC-88AB-FB2AB24DBCCE}.Release|Any CPU.Build.0 = Release|Any CPU
		{3F4B68BC-5B4D-4F94-B5BA-831FAA56FFE2}.Debug|Any CPU.ActiveCfg = Debug|Any CPU
		{3F4B68BC-5B4D-4F94-B5BA-831FAA56FFE2}.Debug|Any CPU.Build.0 = Debug|Any CPU
		{3F4B68BC-5B4D-4F94-B5BA-831FAA56FFE2}.Release|Any CPU.ActiveCfg = Release|Any CPU
		{3F4B68BC-5B4D-4F94-B5BA-831FAA56FFE2}.Release|Any CPU.Build.0 = Release|Any CPU
		{D251CA44-2ADB-464D-8E00-3B55ED867FC2}.Debug|Any CPU.ActiveCfg = Debug|Any CPU
		{D251CA44-2ADB-464D-8E00-3B55ED867FC2}.Debug|Any CPU.Build.0 = Debug|Any CPU
		{D251CA44-2ADB-464D-8E00-3B55ED867FC2}.Release|Any CPU.ActiveCfg = Release|Any CPU
		{D251CA44-2ADB-464D-8E00-3B55ED867FC2}.Release|Any CPU.Build.0 = Release|Any CPU
		{B7D12AB2-669F-4813-9A31-D7AAC6856C98}.Debug|Any CPU.ActiveCfg = Debug|Any CPU
		{B7D12AB2-669F-4813-9A31-D7AAC6856C98}.Debug|Any CPU.Build.0 = Debug|Any CPU
		{B7D12AB2-669F-4813-9A31-D7AAC6856C98}.Release|Any CPU.ActiveCfg = Release|Any CPU
		{B7D12AB2-669F-4813-9A31-D7AAC6856C98}.Release|Any CPU.Build.0 = Release|Any CPU
		{02FCB571-8B3C-46E8-A1CE-1B9A1E7AC589}.Debug|Any CPU.ActiveCfg = Debug|Any CPU
		{02FCB571-8B3C-46E8-A1CE-1B9A1E7AC589}.Debug|Any CPU.Build.0 = Debug|Any CPU
		{02FCB571-8B3C-46E8-A1CE-1B9A1E7AC589}.Release|Any CPU.ActiveCfg = Release|Any CPU
		{02FCB571-8B3C-46E8-A1CE-1B9A1E7AC589}.Release|Any CPU.Build.0 = Release|Any CPU
		{7C683F8F-8922-4E9C-A54E-333E2BB1C2C9}.Debug|Any CPU.ActiveCfg = Debug|Any CPU
		{7C683F8F-8922-4E9C-A54E-333E2BB1C2C9}.Debug|Any CPU.Build.0 = Debug|Any CPU
		{7C683F8F-8922-4E9C-A54E-333E2BB1C2C9}.Release|Any CPU.ActiveCfg = Release|Any CPU
		{7C683F8F-8922-4E9C-A54E-333E2BB1C2C9}.Release|Any CPU.Build.0 = Release|Any CPU
	EndGlobalSection
	GlobalSection(SolutionProperties) = preSolution
		HideSolutionNode = FALSE
	EndGlobalSection
	GlobalSection(ExtensibilityGlobals) = postSolution
		SolutionGuid = {09B4B543-419B-4D4E-B83D-659958C3A91A}
	EndGlobalSection
EndGlobal
